// !$*UTF8*$!
{
	archiveVersion = 1;
	classes = {
	};
	objectVersion = 50;
	objects = {

/* Begin PBXBuildFile section */
		5E11655126BC0B040088DF78 /* AppDelegate.swift in Sources */ = {isa = PBXBuildFile; fileRef = 5E11655026BC0B040088DF78 /* AppDelegate.swift */; };
		5E11655526BC0B050088DF78 /* Assets.xcassets in Resources */ = {isa = PBXBuildFile; fileRef = 5E11655426BC0B050088DF78 /* Assets.xcassets */; };
		5E11655826BC0B050088DF78 /* Main.storyboard in Resources */ = {isa = PBXBuildFile; fileRef = 5E11655626BC0B050088DF78 /* Main.storyboard */; };
		5E11656226BC0B8A0088DF78 /* SetupVC.swift in Sources */ = {isa = PBXBuildFile; fileRef = 5E11656126BC0B8A0088DF78 /* SetupVC.swift */; };
		5E11656326BC0B8A0088DF78 /* EnableVC.swift in Sources */ = {isa = PBXBuildFile; fileRef = 5E11656026BC0B8A0088DF78 /* EnableVC.swift */; };
		5E11656526BC0BA00088DF78 /* UseVC.swift in Sources */ = {isa = PBXBuildFile; fileRef = 5E11656426BC0BA00088DF78 /* UseVC.swift */; };
		5E11656F26BC0F270088DF78 /* Cocoa.framework in Frameworks */ = {isa = PBXBuildFile; fileRef = 5E11656E26BC0F270088DF78 /* Cocoa.framework */; };
		5E11657426BC0F270088DF78 /* SourceEditorExtension.swift in Sources */ = {isa = PBXBuildFile; fileRef = 5E11657326BC0F270088DF78 /* SourceEditorExtension.swift */; };
		5E11657626BC0F270088DF78 /* SourceEditorCommand.swift in Sources */ = {isa = PBXBuildFile; fileRef = 5E11657526BC0F270088DF78 /* SourceEditorCommand.swift */; };
		5E11657B26BC0F270088DF78 /* XXDuplicator.appex in Embed App Extensions */ = {isa = PBXBuildFile; fileRef = 5E11656C26BC0F270088DF78 /* XXDuplicator.appex */; settings = {ATTRIBUTES = (RemoveHeadersOnCopy, ); }; };
		5E11658926BC11FC0088DF78 /* AVKit.framework in Frameworks */ = {isa = PBXBuildFile; fileRef = 5E11658426BC11BF0088DF78 /* AVKit.framework */; };
		5E1B921F2879570000EEA7FD /* XcodeKit.framework in Frameworks */ = {isa = PBXBuildFile; fileRef = 5E11658026BC0F8B0088DF78 /* XcodeKit.framework */; };
		5E1B92202879570000EEA7FD /* XcodeKit.framework in Embed Frameworks */ = {isa = PBXBuildFile; fileRef = 5E11658026BC0F8B0088DF78 /* XcodeKit.framework */; settings = {ATTRIBUTES = (CodeSignOnCopy, RemoveHeadersOnCopy, ); }; };
		5E1B92232879995400EEA7FD /* Library.swift in Sources */ = {isa = PBXBuildFile; fileRef = 5E1B92222879995400EEA7FD /* Library.swift */; };
		5EF56E3B27F0939D002A6C2E /* SLideVC.swift in Sources */ = {isa = PBXBuildFile; fileRef = 5EF56E3A27F0939D002A6C2E /* SLideVC.swift */; };
/* End PBXBuildFile section */

/* Begin PBXContainerItemProxy section */
		5E11657926BC0F270088DF78 /* PBXContainerItemProxy */ = {
			isa = PBXContainerItemProxy;
			containerPortal = 5E11654526BC0B040088DF78 /* Project object */;
			proxyType = 1;
			remoteGlobalIDString = 5E11656B26BC0F270088DF78;
			remoteInfo = XXDuplicator;
		};
/* End PBXContainerItemProxy section */

/* Begin PBXCopyFilesBuildPhase section */
		5E11657F26BC0F270088DF78 /* Embed App Extensions */ = {
			isa = PBXCopyFilesBuildPhase;
			buildActionMask = 2147483647;
			dstPath = "";
			dstSubfolderSpec = 13;
			files = (
				5E11657B26BC0F270088DF78 /* XXDuplicator.appex in Embed App Extensions */,
			);
			name = "Embed App Extensions";
			runOnlyForDeploymentPostprocessing = 0;
		};
		5E1B92212879570000EEA7FD /* Embed Frameworks */ = {
			isa = PBXCopyFilesBuildPhase;
			buildActionMask = 2147483647;
			dstPath = "";
			dstSubfolderSpec = 10;
			files = (
				5E1B92202879570000EEA7FD /* XcodeKit.framework in Embed Frameworks */,
			);
			name = "Embed Frameworks";
			runOnlyForDeploymentPostprocessing = 0;
		};
/* End PBXCopyFilesBuildPhase section */

/* Begin PBXFileReference section */
		5E11654D26BC0B040088DF78 /* XDuplicator.app */ = {isa = PBXFileReference; explicitFileType = wrapper.application; includeInIndex = 0; path = XDuplicator.app; sourceTree = BUILT_PRODUCTS_DIR; };
		5E11655026BC0B040088DF78 /* AppDelegate.swift */ = {isa = PBXFileReference; lastKnownFileType = sourcecode.swift; path = AppDelegate.swift; sourceTree = "<group>"; };
		5E11655426BC0B050088DF78 /* Assets.xcassets */ = {isa = PBXFileReference; lastKnownFileType = folder.assetcatalog; path = Assets.xcassets; sourceTree = "<group>"; };
		5E11655726BC0B050088DF78 /* Base */ = {isa = PBXFileReference; lastKnownFileType = file.storyboard; name = Base; path = Base.lproj/Main.storyboard; sourceTree = "<group>"; };
		5E11655926BC0B050088DF78 /* Info.plist */ = {isa = PBXFileReference; lastKnownFileType = text.plist.xml; path = Info.plist; sourceTree = "<group>"; };
		5E11655A26BC0B050088DF78 /* XDuplicator.entitlements */ = {isa = PBXFileReference; lastKnownFileType = text.plist.entitlements; path = XDuplicator.entitlements; sourceTree = "<group>"; };
		5E11656026BC0B8A0088DF78 /* EnableVC.swift */ = {isa = PBXFileReference; lastKnownFileType = sourcecode.swift; path = EnableVC.swift; sourceTree = "<group>"; };
		5E11656126BC0B8A0088DF78 /* SetupVC.swift */ = {isa = PBXFileReference; lastKnownFileType = sourcecode.swift; path = SetupVC.swift; sourceTree = "<group>"; };
		5E11656426BC0BA00088DF78 /* UseVC.swift */ = {isa = PBXFileReference; lastKnownFileType = sourcecode.swift; path = UseVC.swift; sourceTree = "<group>"; };
		5E11656C26BC0F270088DF78 /* XXDuplicator.appex */ = {isa = PBXFileReference; explicitFileType = "wrapper.app-extension"; includeInIndex = 0; path = XXDuplicator.appex; sourceTree = BUILT_PRODUCTS_DIR; };
		5E11656E26BC0F270088DF78 /* Cocoa.framework */ = {isa = PBXFileReference; lastKnownFileType = wrapper.framework; name = Cocoa.framework; path = System/Library/Frameworks/Cocoa.framework; sourceTree = SDKROOT; };
		5E11657026BC0F270088DF78 /* XcodeKit.framework */ = {isa = PBXFileReference; lastKnownFileType = wrapper.framework; name = XcodeKit.framework; path = Library/Frameworks/XcodeKit.framework; sourceTree = DEVELOPER_DIR; };
		5E11657326BC0F270088DF78 /* SourceEditorExtension.swift */ = {isa = PBXFileReference; lastKnownFileType = sourcecode.swift; path = SourceEditorExtension.swift; sourceTree = "<group>"; };
		5E11657526BC0F270088DF78 /* SourceEditorCommand.swift */ = {isa = PBXFileReference; lastKnownFileType = sourcecode.swift; path = SourceEditorCommand.swift; sourceTree = "<group>"; };
		5E11657726BC0F270088DF78 /* Info.plist */ = {isa = PBXFileReference; lastKnownFileType = text.plist.xml; path = Info.plist; sourceTree = "<group>"; };
		5E11657826BC0F270088DF78 /* XXDuplicator.entitlements */ = {isa = PBXFileReference; lastKnownFileType = text.plist.entitlements; path = XXDuplicator.entitlements; sourceTree = "<group>"; };
		5E11658026BC0F8B0088DF78 /* XcodeKit.framework */ = {isa = PBXFileReference; lastKnownFileType = wrapper.framework; name = XcodeKit.framework; path = Library/Frameworks/XcodeKit.framework; sourceTree = DEVELOPER_DIR; };
		5E11658426BC11BF0088DF78 /* AVKit.framework */ = {isa = PBXFileReference; lastKnownFileType = wrapper.framework; name = AVKit.framework; path = System/Library/Frameworks/AVKit.framework; sourceTree = SDKROOT; };
		5E1B92222879995400EEA7FD /* Library.swift */ = {isa = PBXFileReference; lastKnownFileType = sourcecode.swift; path = Library.swift; sourceTree = "<group>"; };
		5EF56E3A27F0939D002A6C2E /* SLideVC.swift */ = {isa = PBXFileReference; lastKnownFileType = sourcecode.swift; path = SLideVC.swift; sourceTree = "<group>"; };
		5EF56E3C27F09F47002A6C2E /* README.md */ = {isa = PBXFileReference; lastKnownFileType = net.daringfireball.markdown; name = README.md; path = ../README.md; sourceTree = "<group>"; };
/* End PBXFileReference section */

/* Begin PBXFrameworksBuildPhase section */
		5E11654A26BC0B040088DF78 /* Frameworks */ = {
			isa = PBXFrameworksBuildPhase;
			buildActionMask = 2147483647;
			files = (
				5E11658926BC11FC0088DF78 /* AVKit.framework in Frameworks */,
			);
			runOnlyForDeploymentPostprocessing = 0;
		};
		5E11656926BC0F270088DF78 /* Frameworks */ = {
			isa = PBXFrameworksBuildPhase;
			buildActionMask = 2147483647;
			files = (
				5E11656F26BC0F270088DF78 /* Cocoa.framework in Frameworks */,
				5E1B921F2879570000EEA7FD /* XcodeKit.framework in Frameworks */,
			);
			runOnlyForDeploymentPostprocessing = 0;
		};
/* End PBXFrameworksBuildPhase section */

/* Begin PBXGroup section */
		5E11654426BC0B040088DF78 = {
			isa = PBXGroup;
			children = (
				5E11654F26BC0B040088DF78 /* XDuplicator */,
				5E11657226BC0F270088DF78 /* XXDuplicator */,
				5E11656D26BC0F270088DF78 /* Frameworks */,
				5E11654E26BC0B040088DF78 /* Products */,
			);
			sourceTree = "<group>";
		};
		5E11654E26BC0B040088DF78 /* Products */ = {
			isa = PBXGroup;
			children = (
				5E11654D26BC0B040088DF78 /* XDuplicator.app */,
				5E11656C26BC0F270088DF78 /* XXDuplicator.appex */,
			);
			name = Products;
			sourceTree = "<group>";
		};
		5E11654F26BC0B040088DF78 /* XDuplicator */ = {
			isa = PBXGroup;
			children = (
				5E11655026BC0B040088DF78 /* AppDelegate.swift */,
				5EF56E3A27F0939D002A6C2E /* SLideVC.swift */,
				5E11656026BC0B8A0088DF78 /* EnableVC.swift */,
				5E11656126BC0B8A0088DF78 /* SetupVC.swift */,
				5E11656426BC0BA00088DF78 /* UseVC.swift */,
				5EF56E3C27F09F47002A6C2E /* README.md */,
				5E11655426BC0B050088DF78 /* Assets.xcassets */,
				5E11655626BC0B050088DF78 /* Main.storyboard */,
				5E11655926BC0B050088DF78 /* Info.plist */,
				5E11655A26BC0B050088DF78 /* XDuplicator.entitlements */,
			);
			path = XDuplicator;
			sourceTree = "<group>";
		};
		5E11656D26BC0F270088DF78 /* Frameworks */ = {
			isa = PBXGroup;
			children = (
				5E11658426BC11BF0088DF78 /* AVKit.framework */,
				5E11658026BC0F8B0088DF78 /* XcodeKit.framework */,
				5E11656E26BC0F270088DF78 /* Cocoa.framework */,
				5E11657026BC0F270088DF78 /* XcodeKit.framework */,
			);
			name = Frameworks;
			sourceTree = "<group>";
		};
		5E11657226BC0F270088DF78 /* XXDuplicator */ = {
			isa = PBXGroup;
			children = (
				5E11657326BC0F270088DF78 /* SourceEditorExtension.swift */,
				5E11657526BC0F270088DF78 /* SourceEditorCommand.swift */,
				5E1B92222879995400EEA7FD /* Library.swift */,
				5E11657726BC0F270088DF78 /* Info.plist */,
				5E11657826BC0F270088DF78 /* XXDuplicator.entitlements */,
			);
			path = XXDuplicator;
			sourceTree = "<group>";
		};
/* End PBXGroup section */

/* Begin PBXNativeTarget section */
		5E11654C26BC0B040088DF78 /* XDuplicator */ = {
			isa = PBXNativeTarget;
			buildConfigurationList = 5E11655D26BC0B050088DF78 /* Build configuration list for PBXNativeTarget "XDuplicator" */;
			buildPhases = (
				5E11654926BC0B040088DF78 /* Sources */,
				5E11654A26BC0B040088DF78 /* Frameworks */,
				5E11654B26BC0B040088DF78 /* Resources */,
				5E11657F26BC0F270088DF78 /* Embed App Extensions */,
			);
			buildRules = (
			);
			dependencies = (
				5E11657A26BC0F270088DF78 /* PBXTargetDependency */,
			);
			name = XDuplicator;
			productName = XDuplicator;
			productReference = 5E11654D26BC0B040088DF78 /* XDuplicator.app */;
			productType = "com.apple.product-type.application";
		};
		5E11656B26BC0F270088DF78 /* XXDuplicator */ = {
			isa = PBXNativeTarget;
			buildConfigurationList = 5E11657C26BC0F270088DF78 /* Build configuration list for PBXNativeTarget "XXDuplicator" */;
			buildPhases = (
				5E11656826BC0F270088DF78 /* Sources */,
				5E11656926BC0F270088DF78 /* Frameworks */,
				5E11656A26BC0F270088DF78 /* Resources */,
				5E1B92212879570000EEA7FD /* Embed Frameworks */,
			);
			buildRules = (
			);
			dependencies = (
			);
			name = XXDuplicator;
			productName = XXDuplicator;
			productReference = 5E11656C26BC0F270088DF78 /* XXDuplicator.appex */;
			productType = "com.apple.product-type.xcode-extension";
		};
/* End PBXNativeTarget section */

/* Begin PBXProject section */
		5E11654526BC0B040088DF78 /* Project object */ = {
			isa = PBXProject;
			attributes = {
				LastSwiftUpdateCheck = 1250;
				LastUpgradeCheck = 1250;
				TargetAttributes = {
					5E11654C26BC0B040088DF78 = {
						CreatedOnToolsVersion = 12.5.1;
					};
					5E11656B26BC0F270088DF78 = {
						CreatedOnToolsVersion = 12.5.1;
					};
				};
			};
			buildConfigurationList = 5E11654826BC0B040088DF78 /* Build configuration list for PBXProject "XDuplicator" */;
			compatibilityVersion = "Xcode 9.3";
			developmentRegion = en;
			hasScannedForEncodings = 0;
			knownRegions = (
				en,
				Base,
			);
			mainGroup = 5E11654426BC0B040088DF78;
			productRefGroup = 5E11654E26BC0B040088DF78 /* Products */;
			projectDirPath = "";
			projectRoot = "";
			targets = (
				5E11654C26BC0B040088DF78 /* XDuplicator */,
				5E11656B26BC0F270088DF78 /* XXDuplicator */,
			);
		};
/* End PBXProject section */

/* Begin PBXResourcesBuildPhase section */
		5E11654B26BC0B040088DF78 /* Resources */ = {
			isa = PBXResourcesBuildPhase;
			buildActionMask = 2147483647;
			files = (
				5E11655526BC0B050088DF78 /* Assets.xcassets in Resources */,
				5E11655826BC0B050088DF78 /* Main.storyboard in Resources */,
			);
			runOnlyForDeploymentPostprocessing = 0;
		};
		5E11656A26BC0F270088DF78 /* Resources */ = {
			isa = PBXResourcesBuildPhase;
			buildActionMask = 2147483647;
			files = (
			);
			runOnlyForDeploymentPostprocessing = 0;
		};
/* End PBXResourcesBuildPhase section */

/* Begin PBXSourcesBuildPhase section */
		5E11654926BC0B040088DF78 /* Sources */ = {
			isa = PBXSourcesBuildPhase;
			buildActionMask = 2147483647;
			files = (
				5E11656226BC0B8A0088DF78 /* SetupVC.swift in Sources */,
				5EF56E3B27F0939D002A6C2E /* SLideVC.swift in Sources */,
				5E11656326BC0B8A0088DF78 /* EnableVC.swift in Sources */,
				5E11656526BC0BA00088DF78 /* UseVC.swift in Sources */,
				5E11655126BC0B040088DF78 /* AppDelegate.swift in Sources */,
			);
			runOnlyForDeploymentPostprocessing = 0;
		};
		5E11656826BC0F270088DF78 /* Sources */ = {
			isa = PBXSourcesBuildPhase;
			buildActionMask = 2147483647;
			files = (
				5E11657426BC0F270088DF78 /* SourceEditorExtension.swift in Sources */,
				5E11657626BC0F270088DF78 /* SourceEditorCommand.swift in Sources */,
				5E1B92232879995400EEA7FD /* Library.swift in Sources */,
			);
			runOnlyForDeploymentPostprocessing = 0;
		};
/* End PBXSourcesBuildPhase section */

/* Begin PBXTargetDependency section */
		5E11657A26BC0F270088DF78 /* PBXTargetDependency */ = {
			isa = PBXTargetDependency;
			target = 5E11656B26BC0F270088DF78 /* XXDuplicator */;
			targetProxy = 5E11657926BC0F270088DF78 /* PBXContainerItemProxy */;
		};
/* End PBXTargetDependency section */

/* Begin PBXVariantGroup section */
		5E11655626BC0B050088DF78 /* Main.storyboard */ = {
			isa = PBXVariantGroup;
			children = (
				5E11655726BC0B050088DF78 /* Base */,
			);
			name = Main.storyboard;
			sourceTree = "<group>";
		};
/* End PBXVariantGroup section */

/* Begin XCBuildConfiguration section */
		5E11655B26BC0B050088DF78 /* Debug */ = {
			isa = XCBuildConfiguration;
			buildSettings = {
				ALWAYS_SEARCH_USER_PATHS = NO;
				CLANG_ANALYZER_NONNULL = YES;
				CLANG_ANALYZER_NUMBER_OBJECT_CONVERSION = YES_AGGRESSIVE;
				CLANG_CXX_LANGUAGE_STANDARD = "gnu++14";
				CLANG_CXX_LIBRARY = "libc++";
				CLANG_ENABLE_MODULES = YES;
				CLANG_ENABLE_OBJC_ARC = YES;
				CLANG_ENABLE_OBJC_WEAK = YES;
				CLANG_WARN_BLOCK_CAPTURE_AUTORELEASING = YES;
				CLANG_WARN_BOOL_CONVERSION = YES;
				CLANG_WARN_COMMA = YES;
				CLANG_WARN_CONSTANT_CONVERSION = YES;
				CLANG_WARN_DEPRECATED_OBJC_IMPLEMENTATIONS = YES;
				CLANG_WARN_DIRECT_OBJC_ISA_USAGE = YES_ERROR;
				CLANG_WARN_DOCUMENTATION_COMMENTS = YES;
				CLANG_WARN_EMPTY_BODY = YES;
				CLANG_WARN_ENUM_CONVERSION = YES;
				CLANG_WARN_INFINITE_RECURSION = YES;
				CLANG_WARN_INT_CONVERSION = YES;
				CLANG_WARN_NON_LITERAL_NULL_CONVERSION = YES;
				CLANG_WARN_OBJC_IMPLICIT_RETAIN_SELF = YES;
				CLANG_WARN_OBJC_LITERAL_CONVERSION = YES;
				CLANG_WARN_OBJC_ROOT_CLASS = YES_ERROR;
				CLANG_WARN_QUOTED_INCLUDE_IN_FRAMEWORK_HEADER = YES;
				CLANG_WARN_RANGE_LOOP_ANALYSIS = YES;
				CLANG_WARN_STRICT_PROTOTYPES = YES;
				CLANG_WARN_SUSPICIOUS_MOVE = YES;
				CLANG_WARN_UNGUARDED_AVAILABILITY = YES_AGGRESSIVE;
				CLANG_WARN_UNREACHABLE_CODE = YES;
				CLANG_WARN__DUPLICATE_METHOD_MATCH = YES;
				COPY_PHASE_STRIP = NO;
				DEBUG_INFORMATION_FORMAT = dwarf;
				ENABLE_STRICT_OBJC_MSGSEND = YES;
				ENABLE_TESTABILITY = YES;
				GCC_C_LANGUAGE_STANDARD = gnu11;
				GCC_DYNAMIC_NO_PIC = NO;
				GCC_NO_COMMON_BLOCKS = YES;
				GCC_OPTIMIZATION_LEVEL = 0;
				GCC_PREPROCESSOR_DEFINITIONS = (
					"DEBUG=1",
					"$(inherited)",
				);
				GCC_WARN_64_TO_32_BIT_CONVERSION = YES;
				GCC_WARN_ABOUT_RETURN_TYPE = YES_ERROR;
				GCC_WARN_UNDECLARED_SELECTOR = YES;
				GCC_WARN_UNINITIALIZED_AUTOS = YES_AGGRESSIVE;
				GCC_WARN_UNUSED_FUNCTION = YES;
				GCC_WARN_UNUSED_VARIABLE = YES;
				MACOSX_DEPLOYMENT_TARGET = 11.0;
				MTL_ENABLE_DEBUG_INFO = INCLUDE_SOURCE;
				MTL_FAST_MATH = YES;
				ONLY_ACTIVE_ARCH = YES;
				SDKROOT = macosx;
				SWIFT_ACTIVE_COMPILATION_CONDITIONS = DEBUG;
				SWIFT_OPTIMIZATION_LEVEL = "-Onone";
			};
			name = Debug;
		};
		5E11655C26BC0B050088DF78 /* Release */ = {
			isa = XCBuildConfiguration;
			buildSettings = {
				ALWAYS_SEARCH_USER_PATHS = NO;
				CLANG_ANALYZER_NONNULL = YES;
				CLANG_ANALYZER_NUMBER_OBJECT_CONVERSION = YES_AGGRESSIVE;
				CLANG_CXX_LANGUAGE_STANDARD = "gnu++14";
				CLANG_CXX_LIBRARY = "libc++";
				CLANG_ENABLE_MODULES = YES;
				CLANG_ENABLE_OBJC_ARC = YES;
				CLANG_ENABLE_OBJC_WEAK = YES;
				CLANG_WARN_BLOCK_CAPTURE_AUTORELEASING = YES;
				CLANG_WARN_BOOL_CONVERSION = YES;
				CLANG_WARN_COMMA = YES;
				CLANG_WARN_CONSTANT_CONVERSION = YES;
				CLANG_WARN_DEPRECATED_OBJC_IMPLEMENTATIONS = YES;
				CLANG_WARN_DIRECT_OBJC_ISA_USAGE = YES_ERROR;
				CLANG_WARN_DOCUMENTATION_COMMENTS = YES;
				CLANG_WARN_EMPTY_BODY = YES;
				CLANG_WARN_ENUM_CONVERSION = YES;
				CLANG_WARN_INFINITE_RECURSION = YES;
				CLANG_WARN_INT_CONVERSION = YES;
				CLANG_WARN_NON_LITERAL_NULL_CONVERSION = YES;
				CLANG_WARN_OBJC_IMPLICIT_RETAIN_SELF = YES;
				CLANG_WARN_OBJC_LITERAL_CONVERSION = YES;
				CLANG_WARN_OBJC_ROOT_CLASS = YES_ERROR;
				CLANG_WARN_QUOTED_INCLUDE_IN_FRAMEWORK_HEADER = YES;
				CLANG_WARN_RANGE_LOOP_ANALYSIS = YES;
				CLANG_WARN_STRICT_PROTOTYPES = YES;
				CLANG_WARN_SUSPICIOUS_MOVE = YES;
				CLANG_WARN_UNGUARDED_AVAILABILITY = YES_AGGRESSIVE;
				CLANG_WARN_UNREACHABLE_CODE = YES;
				CLANG_WARN__DUPLICATE_METHOD_MATCH = YES;
				COPY_PHASE_STRIP = NO;
				DEBUG_INFORMATION_FORMAT = "dwarf-with-dsym";
				ENABLE_NS_ASSERTIONS = NO;
				ENABLE_STRICT_OBJC_MSGSEND = YES;
				GCC_C_LANGUAGE_STANDARD = gnu11;
				GCC_NO_COMMON_BLOCKS = YES;
				GCC_WARN_64_TO_32_BIT_CONVERSION = YES;
				GCC_WARN_ABOUT_RETURN_TYPE = YES_ERROR;
				GCC_WARN_UNDECLARED_SELECTOR = YES;
				GCC_WARN_UNINITIALIZED_AUTOS = YES_AGGRESSIVE;
				GCC_WARN_UNUSED_FUNCTION = YES;
				GCC_WARN_UNUSED_VARIABLE = YES;
				MACOSX_DEPLOYMENT_TARGET = 11.0;
				MTL_ENABLE_DEBUG_INFO = NO;
				MTL_FAST_MATH = YES;
				SDKROOT = macosx;
				SWIFT_COMPILATION_MODE = wholemodule;
				SWIFT_OPTIMIZATION_LEVEL = "-O";
			};
			name = Release;
		};
		5E11655E26BC0B050088DF78 /* Debug */ = {
			isa = XCBuildConfiguration;
			buildSettings = {
				ALWAYS_EMBED_SWIFT_STANDARD_LIBRARIES = YES;
				ASSETCATALOG_COMPILER_APPICON_NAME = AppIcon;
				ASSETCATALOG_COMPILER_GLOBAL_ACCENT_COLOR_NAME = AccentColor;
				CODE_SIGN_ENTITLEMENTS = XDuplicator/XDuplicator.entitlements;
				CODE_SIGN_IDENTITY = "Apple Development";
				CODE_SIGN_STYLE = Automatic;
				COMBINE_HIDPI_IMAGES = YES;
				CURRENT_PROJECT_VERSION = 3;
				DEVELOPMENT_TEAM = N455BJCT3S;
				ENABLE_HARDENED_RUNTIME = YES;
				INFOPLIST_FILE = XDuplicator/Info.plist;
				LD_RUNPATH_SEARCH_PATHS = (
					"$(inherited)",
					"@executable_path/../Frameworks",
				);
				MACOSX_DEPLOYMENT_TARGET = 11.0;
				MARKETING_VERSION = 1.0.0;
				PRODUCT_BUNDLE_IDENTIFIER = com.madgeorge.XXDuplicator;
				PRODUCT_NAME = "$(TARGET_NAME)";
				PROVISIONING_PROFILE_SPECIFIER = "";
				SWIFT_VERSION = 5.0;
			};
			name = Debug;
		};
		5E11655F26BC0B050088DF78 /* Release */ = {
			isa = XCBuildConfiguration;
			buildSettings = {
				ALWAYS_EMBED_SWIFT_STANDARD_LIBRARIES = YES;
				ASSETCATALOG_COMPILER_APPICON_NAME = AppIcon;
				ASSETCATALOG_COMPILER_GLOBAL_ACCENT_COLOR_NAME = AccentColor;
				CODE_SIGN_ENTITLEMENTS = XDuplicator/XDuplicator.entitlements;
				CODE_SIGN_IDENTITY = "Apple Development";
				CODE_SIGN_STYLE = Automatic;
				COMBINE_HIDPI_IMAGES = YES;
				CURRENT_PROJECT_VERSION = 3;
				DEVELOPMENT_TEAM = N455BJCT3S;
				ENABLE_HARDENED_RUNTIME = YES;
				INFOPLIST_FILE = XDuplicator/Info.plist;
				LD_RUNPATH_SEARCH_PATHS = (
					"$(inherited)",
					"@executable_path/../Frameworks",
				);
				MACOSX_DEPLOYMENT_TARGET = 11.0;
				MARKETING_VERSION = 1.0.0;
				PRODUCT_BUNDLE_IDENTIFIER = com.madgeorge.XXDuplicator;
				PRODUCT_NAME = "$(TARGET_NAME)";
				PROVISIONING_PROFILE_SPECIFIER = "";
				SWIFT_VERSION = 5.0;
			};
			name = Release;
		};
		5E11657D26BC0F270088DF78 /* Debug */ = {
			isa = XCBuildConfiguration;
			buildSettings = {
				ASSETCATALOG_COMPILER_APPICON_NAME = AppIcon;
				CODE_SIGN_ENTITLEMENTS = XXDuplicator/XXDuplicator.entitlements;
				CODE_SIGN_IDENTITY = "Apple Development";
				CODE_SIGN_STYLE = Automatic;
				COMBINE_HIDPI_IMAGES = YES;
				CURRENT_PROJECT_VERSION = 3;
				DEVELOPMENT_TEAM = N455BJCT3S;
				ENABLE_HARDENED_RUNTIME = YES;
				INFOPLIST_FILE = XXDuplicator/Info.plist;
				LD_RUNPATH_SEARCH_PATHS = (
					"$(inherited)",
					"@executable_path/../Frameworks",
					"@executable_path/../../../../Frameworks",
				);
				MACOSX_DEPLOYMENT_TARGET = 11.0;
				MARKETING_VERSION = 1.0.0;
				PRODUCT_BUNDLE_IDENTIFIER = com.madgeorge.XXDuplicator.XXDuplicator;
				PRODUCT_NAME = "$(TARGET_NAME)";
				PROVISIONING_PROFILE_SPECIFIER = "";
				SKIP_INSTALL = YES;
				SWIFT_VERSION = 5.0;
			};
			name = Debug;
		};
		5E11657E26BC0F270088DF78 /* Release */ = {
			isa = XCBuildConfiguration;
			buildSettings = {
				ASSETCATALOG_COMPILER_APPICON_NAME = AppIcon;
				CODE_SIGN_ENTITLEMENTS = XXDuplicator/XXDuplicator.entitlements;
				CODE_SIGN_IDENTITY = "Apple Development";
				CODE_SIGN_STYLE = Automatic;
				COMBINE_HIDPI_IMAGES = YES;
				CURRENT_PROJECT_VERSION = 3;
				DEVELOPMENT_TEAM = N455BJCT3S;
				ENABLE_HARDENED_RUNTIME = YES;
				INFOPLIST_FILE = XXDuplicator/Info.plist;
				LD_RUNPATH_SEARCH_PATHS = (
					"$(inherited)",
					"@executable_path/../Frameworks",
					"@executable_path/../../../../Frameworks",
				);
				MACOSX_DEPLOYMENT_TARGET = 11.0;
				MARKETING_VERSION = 1.0.0;
				PRODUCT_BUNDLE_IDENTIFIER = com.madgeorge.XXDuplicator.XXDuplicator;
				PRODUCT_NAME = "$(TARGET_NAME)";
				PROVISIONING_PROFILE_SPECIFIER = "";
				SKIP_INSTALL = YES;
				SWIFT_VERSION = 5.0;
			};
			name = Release;
		};
/* End XCBuildConfiguration section */

/* Begin XCConfigurationList section */
		5E11654826BC0B040088DF78 /* Build configuration list for PBXProject "XDuplicator" */ = {
			isa = XCConfigurationList;
			buildConfigurations = (
				5E11655B26BC0B050088DF78 /* Debug */,
				5E11655C26BC0B050088DF78 /* Release */,
			);
			defaultConfigurationIsVisible = 0;
			defaultConfigurationName = Release;
		};
		5E11655D26BC0B050088DF78 /* Build configuration list for PBXNativeTarget "XDuplicator" */ = {
			isa = XCConfigurationList;
			buildConfigurations = (
				5E11655E26BC0B050088DF78 /* Debug */,
				5E11655F26BC0B050088DF78 /* Release */,
			);
			defaultConfigurationIsVisible = 0;
			defaultConfigurationName = Release;
		};
		5E11657C26BC0F270088DF78 /* Build configuration list for PBXNativeTarget "XXDuplicator" */ = {
			isa = XCConfigurationList;
			buildConfigurations = (
				5E11657D26BC0F270088DF78 /* Debug */,
				5E11657E26BC0F270088DF78 /* Release */,
			);
			defaultConfigurationIsVisible = 0;
			defaultConfigurationName = Release;
		};
/* End XCConfigurationList section */
	};
	rootObject = 5E11654526BC0B040088DF78 /* Project object */;
}
